// !$*UTF8*$!
{
	archiveVersion = 1;
	classes = {
	};
	objectVersion = 50;
	objects = {

/* Begin PBXBuildFile section */
		446449BACDCFD9764FA12141 /* Pods_Amtrip.framework in Frameworks */ = {isa = PBXBuildFile; fileRef = 2E320A49D3E6533D917C2533 /* Pods_Amtrip.framework */; };
		ED02821721705A7500EAE099 /* UITextField+Extensions.swift in Sources */ = {isa = PBXBuildFile; fileRef = ED02821621705A7500EAE099 /* UITextField+Extensions.swift */; };
		ED02821921705AA500EAE099 /* UITextView+Extensions.swift in Sources */ = {isa = PBXBuildFile; fileRef = ED02821821705AA500EAE099 /* UITextView+Extensions.swift */; };
		ED02821B21705AE900EAE099 /* UINavigationItem+Extensions.swift in Sources */ = {isa = PBXBuildFile; fileRef = ED02821A21705AE900EAE099 /* UINavigationItem+Extensions.swift */; };
		ED02821D21705B3300EAE099 /* UItableView+Extensions.swift in Sources */ = {isa = PBXBuildFile; fileRef = ED02821C21705B3300EAE099 /* UItableView+Extensions.swift */; };
		ED02821F21705B6800EAE099 /* UICollectionView+Extensions.swift in Sources */ = {isa = PBXBuildFile; fileRef = ED02821E21705B6800EAE099 /* UICollectionView+Extensions.swift */; };
		ED02822121705B7E00EAE099 /* UISearchBar+Extensions.swift in Sources */ = {isa = PBXBuildFile; fileRef = ED02822021705B7E00EAE099 /* UISearchBar+Extensions.swift */; };
		ED0662372104DA5C00580976 /* AmtripTests.swift in Sources */ = {isa = PBXBuildFile; fileRef = ED0662362104DA5C00580976 /* AmtripTests.swift */; };
		ED2B5C4820C835760070E025 /* PageDetailVC.swift in Sources */ = {isa = PBXBuildFile; fileRef = ED2B5C4720C835760070E025 /* PageDetailVC.swift */; };
		ED3F83C1207C75EB00250AA2 /* AppDelegate.swift in Sources */ = {isa = PBXBuildFile; fileRef = ED3F83C0207C75EB00250AA2 /* AppDelegate.swift */; };
		ED3F83C6207C75EB00250AA2 /* Main.storyboard in Resources */ = {isa = PBXBuildFile; fileRef = ED3F83C4207C75EB00250AA2 /* Main.storyboard */; };
		ED3F83C8207C75EB00250AA2 /* Assets.xcassets in Resources */ = {isa = PBXBuildFile; fileRef = ED3F83C7207C75EB00250AA2 /* Assets.xcassets */; };
		ED3F83CB207C75EB00250AA2 /* LaunchScreen.storyboard in Resources */ = {isa = PBXBuildFile; fileRef = ED3F83C9207C75EB00250AA2 /* LaunchScreen.storyboard */; };
		ED3F83DB207C761600250AA2 /* CreateVC.swift in Sources */ = {isa = PBXBuildFile; fileRef = ED3F83D4207C761600250AA2 /* CreateVC.swift */; };
		ED3F83DD207C761600250AA2 /* SearchVC.swift in Sources */ = {isa = PBXBuildFile; fileRef = ED3F83D6207C761600250AA2 /* SearchVC.swift */; };
		ED3F83DE207C761600250AA2 /* FavoriteVC.swift in Sources */ = {isa = PBXBuildFile; fileRef = ED3F83D7207C761600250AA2 /* FavoriteVC.swift */; };
		ED3F83DF207C761600250AA2 /* HomeVC.swift in Sources */ = {isa = PBXBuildFile; fileRef = ED3F83D8207C761600250AA2 /* HomeVC.swift */; };
		ED3F83E0207C761600250AA2 /* AccountVC.swift in Sources */ = {isa = PBXBuildFile; fileRef = ED3F83D9207C761600250AA2 /* AccountVC.swift */; };
		ED3F83E3207C763700250AA2 /* Album.swift in Sources */ = {isa = PBXBuildFile; fileRef = ED3F83E2207C763700250AA2 /* Album.swift */; };
		ED454F9220DC7E93009E1AC2 /* AlbumThumbnailCell.swift in Sources */ = {isa = PBXBuildFile; fileRef = ED454F9120DC7E93009E1AC2 /* AlbumThumbnailCell.swift */; };
		ED7618B120F9D0C70033BB6F /* Colors.swift in Sources */ = {isa = PBXBuildFile; fileRef = ED7618B020F9D0C70033BB6F /* Colors.swift */; };
		ED7618B320F9E8AA0033BB6F /* Date+Extensions.swift in Sources */ = {isa = PBXBuildFile; fileRef = ED7618B220F9E8AA0033BB6F /* Date+Extensions.swift */; };
		ED7A95812082EF8600801583 /* Page.swift in Sources */ = {isa = PBXBuildFile; fileRef = ED7A95802082EF8600801583 /* Page.swift */; };
		ED7A95872082F94B00801583 /* ImageCell.swift in Sources */ = {isa = PBXBuildFile; fileRef = ED7A95862082F94B00801583 /* ImageCell.swift */; };
		ED9703ED207D32CA00734581 /* GoogleService-Info.plist in Resources */ = {isa = PBXBuildFile; fileRef = ED9703EC207D32CA00734581 /* GoogleService-Info.plist */; };
		EDB9F27F20B1024500D656FB /* PageCell.swift in Sources */ = {isa = PBXBuildFile; fileRef = EDB9F27E20B1024500D656FB /* PageCell.swift */; };
		EDDD823A20D1E437004773D0 /* AlbumDetailVC.swift in Sources */ = {isa = PBXBuildFile; fileRef = EDDD823920D1E437004773D0 /* AlbumDetailVC.swift */; };
		EDE58073210160CB00CF5D2B /* FileManager+Extensions.swift in Sources */ = {isa = PBXBuildFile; fileRef = EDE58072210160CB00CF5D2B /* FileManager+Extensions.swift */; };
		EDF345BA21796D8D00FD9703 /* Search.storyboard in Resources */ = {isa = PBXBuildFile; fileRef = EDF345BC21796D8D00FD9703 /* Search.storyboard */; };
		EDF345BF21796D9500FD9703 /* Home.storyboard in Resources */ = {isa = PBXBuildFile; fileRef = EDF345C121796D9500FD9703 /* Home.storyboard */; };
		EDF345C421796D9B00FD9703 /* Favorite.storyboard in Resources */ = {isa = PBXBuildFile; fileRef = EDF345C621796D9B00FD9703 /* Favorite.storyboard */; };
		EDF345C921796DA400FD9703 /* Account.storyboard in Resources */ = {isa = PBXBuildFile; fileRef = EDF345CB21796DA400FD9703 /* Account.storyboard */; };
		EDF345CE21796DAB00FD9703 /* PageDetail.storyboard in Resources */ = {isa = PBXBuildFile; fileRef = EDF345D021796DAB00FD9703 /* PageDetail.storyboard */; };
		EDF345D321796DB100FD9703 /* AlbumDetail.storyboard in Resources */ = {isa = PBXBuildFile; fileRef = EDF345D521796DB100FD9703 /* AlbumDetail.storyboard */; };
		EDF345D821796DB900FD9703 /* AlbumCreate.storyboard in Resources */ = {isa = PBXBuildFile; fileRef = EDF345DA21796DB900FD9703 /* AlbumCreate.storyboard */; };
		EDF345DD21796DBF00FD9703 /* Create.storyboard in Resources */ = {isa = PBXBuildFile; fileRef = EDF345DF21796DBF00FD9703 /* Create.storyboard */; };
		EDF345E421796FC200FD9703 /* Localizable.strings in Resources */ = {isa = PBXBuildFile; fileRef = EDF345E621796FC200FD9703 /* Localizable.strings */; };
		EDF345E92179721500FD9703 /* gitignore in Resources */ = {isa = PBXBuildFile; fileRef = EDF345E82179721500FD9703 /* gitignore */; };
		EDFE574E20BA99E700B82FE2 /* AlbumCreateVC.swift in Sources */ = {isa = PBXBuildFile; fileRef = EDFE574D20BA99E700B82FE2 /* AlbumCreateVC.swift */; };
		EDFE575020BAA00300B82FE2 /* AlbumTitleCell.swift in Sources */ = {isa = PBXBuildFile; fileRef = EDFE574F20BAA00300B82FE2 /* AlbumTitleCell.swift */; };
/* End PBXBuildFile section */

/* Begin PBXContainerItemProxy section */
		ED0662392104DA5C00580976 /* PBXContainerItemProxy */ = {
			isa = PBXContainerItemProxy;
			containerPortal = ED3F83B5207C75EB00250AA2 /* Project object */;
			proxyType = 1;
			remoteGlobalIDString = ED3F83BC207C75EB00250AA2;
			remoteInfo = Amtrip;
		};
/* End PBXContainerItemProxy section */

/* Begin PBXFileReference section */
		0883F4C37C2B60D294F03773 /* Pods-TravelersNotebook.debug.xcconfig */ = {isa = PBXFileReference; includeInIndex = 1; lastKnownFileType = text.xcconfig; name = "Pods-TravelersNotebook.debug.xcconfig"; path = "Pods/Target Support Files/Pods-TravelersNotebook/Pods-TravelersNotebook.debug.xcconfig"; sourceTree = "<group>"; };
		1E5685A6EFDAF23D97889397 /* Pods-Amtrip.release.xcconfig */ = {isa = PBXFileReference; includeInIndex = 1; lastKnownFileType = text.xcconfig; name = "Pods-Amtrip.release.xcconfig"; path = "Pods/Target Support Files/Pods-Amtrip/Pods-Amtrip.release.xcconfig"; sourceTree = "<group>"; };
		26D7DA124C99BC7BD5482B5E /* Pods_TravelersNotebook.framework */ = {isa = PBXFileReference; explicitFileType = wrapper.framework; includeInIndex = 0; path = Pods_TravelersNotebook.framework; sourceTree = BUILT_PRODUCTS_DIR; };
		2E320A49D3E6533D917C2533 /* Pods_Amtrip.framework */ = {isa = PBXFileReference; explicitFileType = wrapper.framework; includeInIndex = 0; path = Pods_Amtrip.framework; sourceTree = BUILT_PRODUCTS_DIR; };
		737B95FCD1DDB1B8E2482CEB /* Pods-Amtrip.debug.xcconfig */ = {isa = PBXFileReference; includeInIndex = 1; lastKnownFileType = text.xcconfig; name = "Pods-Amtrip.debug.xcconfig"; path = "Pods/Target Support Files/Pods-Amtrip/Pods-Amtrip.debug.xcconfig"; sourceTree = "<group>"; };
		DAC759B12583B2769CC34915 /* Pods-TravelersNotebook.release.xcconfig */ = {isa = PBXFileReference; includeInIndex = 1; lastKnownFileType = text.xcconfig; name = "Pods-TravelersNotebook.release.xcconfig"; path = "Pods/Target Support Files/Pods-TravelersNotebook/Pods-TravelersNotebook.release.xcconfig"; sourceTree = "<group>"; };
		ED02821621705A7500EAE099 /* UITextField+Extensions.swift */ = {isa = PBXFileReference; lastKnownFileType = sourcecode.swift; path = "UITextField+Extensions.swift"; sourceTree = "<group>"; };
		ED02821821705AA500EAE099 /* UITextView+Extensions.swift */ = {isa = PBXFileReference; lastKnownFileType = sourcecode.swift; path = "UITextView+Extensions.swift"; sourceTree = "<group>"; };
		ED02821A21705AE900EAE099 /* UINavigationItem+Extensions.swift */ = {isa = PBXFileReference; lastKnownFileType = sourcecode.swift; path = "UINavigationItem+Extensions.swift"; sourceTree = "<group>"; };
		ED02821C21705B3300EAE099 /* UItableView+Extensions.swift */ = {isa = PBXFileReference; lastKnownFileType = sourcecode.swift; path = "UItableView+Extensions.swift"; sourceTree = "<group>"; };
		ED02821E21705B6800EAE099 /* UICollectionView+Extensions.swift */ = {isa = PBXFileReference; lastKnownFileType = sourcecode.swift; path = "UICollectionView+Extensions.swift"; sourceTree = "<group>"; };
		ED02822021705B7E00EAE099 /* UISearchBar+Extensions.swift */ = {isa = PBXFileReference; lastKnownFileType = sourcecode.swift; path = "UISearchBar+Extensions.swift"; sourceTree = "<group>"; };
		ED0662342104DA5C00580976 /* AmtripTests.xctest */ = {isa = PBXFileReference; explicitFileType = wrapper.cfbundle; includeInIndex = 0; path = AmtripTests.xctest; sourceTree = BUILT_PRODUCTS_DIR; };
		ED0662362104DA5C00580976 /* AmtripTests.swift */ = {isa = PBXFileReference; lastKnownFileType = sourcecode.swift; path = AmtripTests.swift; sourceTree = "<group>"; };
		ED0662382104DA5C00580976 /* Info.plist */ = {isa = PBXFileReference; lastKnownFileType = text.plist.xml; path = Info.plist; sourceTree = "<group>"; };
		ED2B5C4720C835760070E025 /* PageDetailVC.swift */ = {isa = PBXFileReference; lastKnownFileType = sourcecode.swift; path = PageDetailVC.swift; sourceTree = "<group>"; };
		ED3F83BD207C75EB00250AA2 /* Amtrip.app */ = {isa = PBXFileReference; explicitFileType = wrapper.application; includeInIndex = 0; path = Amtrip.app; sourceTree = BUILT_PRODUCTS_DIR; };
		ED3F83C0207C75EB00250AA2 /* AppDelegate.swift */ = {isa = PBXFileReference; lastKnownFileType = sourcecode.swift; path = AppDelegate.swift; sourceTree = "<group>"; };
		ED3F83C5207C75EB00250AA2 /* Base */ = {isa = PBXFileReference; lastKnownFileType = file.storyboard; name = Base; path = Base.lproj/Main.storyboard; sourceTree = "<group>"; };
		ED3F83C7207C75EB00250AA2 /* Assets.xcassets */ = {isa = PBXFileReference; lastKnownFileType = folder.assetcatalog; path = Assets.xcassets; sourceTree = "<group>"; };
		ED3F83CA207C75EB00250AA2 /* Base */ = {isa = PBXFileReference; lastKnownFileType = file.storyboard; name = Base; path = Base.lproj/LaunchScreen.storyboard; sourceTree = "<group>"; };
		ED3F83CC207C75EB00250AA2 /* Info.plist */ = {isa = PBXFileReference; lastKnownFileType = text.plist.xml; path = Info.plist; sourceTree = "<group>"; };
		ED3F83D4207C761600250AA2 /* CreateVC.swift */ = {isa = PBXFileReference; fileEncoding = 4; lastKnownFileType = sourcecode.swift; path = CreateVC.swift; sourceTree = "<group>"; };
		ED3F83D6207C761600250AA2 /* SearchVC.swift */ = {isa = PBXFileReference; fileEncoding = 4; lastKnownFileType = sourcecode.swift; path = SearchVC.swift; sourceTree = "<group>"; };
		ED3F83D7207C761600250AA2 /* FavoriteVC.swift */ = {isa = PBXFileReference; fileEncoding = 4; lastKnownFileType = sourcecode.swift; path = FavoriteVC.swift; sourceTree = "<group>"; };
		ED3F83D8207C761600250AA2 /* HomeVC.swift */ = {isa = PBXFileReference; fileEncoding = 4; lastKnownFileType = sourcecode.swift; path = HomeVC.swift; sourceTree = "<group>"; };
		ED3F83D9207C761600250AA2 /* AccountVC.swift */ = {isa = PBXFileReference; fileEncoding = 4; lastKnownFileType = sourcecode.swift; path = AccountVC.swift; sourceTree = "<group>"; };
		ED3F83E2207C763700250AA2 /* Album.swift */ = {isa = PBXFileReference; fileEncoding = 4; lastKnownFileType = sourcecode.swift; path = Album.swift; sourceTree = "<group>"; };
		ED454F9120DC7E93009E1AC2 /* AlbumThumbnailCell.swift */ = {isa = PBXFileReference; lastKnownFileType = sourcecode.swift; path = AlbumThumbnailCell.swift; sourceTree = "<group>"; };
		ED5CF8B9207E5E790017E8E0 /* Amtrip.entitlements */ = {isa = PBXFileReference; lastKnownFileType = text.plist.entitlements; path = Amtrip.entitlements; sourceTree = "<group>"; };
		ED7618B020F9D0C70033BB6F /* Colors.swift */ = {isa = PBXFileReference; lastKnownFileType = sourcecode.swift; path = Colors.swift; sourceTree = "<group>"; };
		ED7618B220F9E8AA0033BB6F /* Date+Extensions.swift */ = {isa = PBXFileReference; lastKnownFileType = sourcecode.swift; path = "Date+Extensions.swift"; sourceTree = "<group>"; };
		ED7A95802082EF8600801583 /* Page.swift */ = {isa = PBXFileReference; lastKnownFileType = sourcecode.swift; path = Page.swift; sourceTree = "<group>"; };
		ED7A95862082F94B00801583 /* ImageCell.swift */ = {isa = PBXFileReference; lastKnownFileType = sourcecode.swift; path = ImageCell.swift; sourceTree = "<group>"; };
		ED858C9F210116A600814CCE /* ja */ = {isa = PBXFileReference; lastKnownFileType = text.plist.strings; name = ja; path = ja.lproj/Main.strings; sourceTree = "<group>"; };
		ED858CA0210116A700814CCE /* ja */ = {isa = PBXFileReference; lastKnownFileType = text.plist.strings; name = ja; path = ja.lproj/LaunchScreen.strings; sourceTree = "<group>"; };
		ED9703EC207D32CA00734581 /* GoogleService-Info.plist */ = {isa = PBXFileReference; fileEncoding = 4; lastKnownFileType = text.plist.xml; path = "GoogleService-Info.plist"; sourceTree = "<group>"; };
		EDAE1B4D2148809200CC23CD /* README.md */ = {isa = PBXFileReference; lastKnownFileType = net.daringfireball.markdown; path = README.md; sourceTree = "<group>"; };
		EDB9F27E20B1024500D656FB /* PageCell.swift */ = {isa = PBXFileReference; lastKnownFileType = sourcecode.swift; path = PageCell.swift; sourceTree = "<group>"; };
		EDDD823920D1E437004773D0 /* AlbumDetailVC.swift */ = {isa = PBXFileReference; lastKnownFileType = sourcecode.swift; path = AlbumDetailVC.swift; sourceTree = "<group>"; };
		EDE58072210160CB00CF5D2B /* FileManager+Extensions.swift */ = {isa = PBXFileReference; lastKnownFileType = sourcecode.swift; path = "FileManager+Extensions.swift"; sourceTree = "<group>"; };
		EDF345BB21796D8D00FD9703 /* Base */ = {isa = PBXFileReference; lastKnownFileType = file.storyboard; name = Base; path = Base.lproj/Search.storyboard; sourceTree = "<group>"; };
		EDF345BE21796D9100FD9703 /* ja */ = {isa = PBXFileReference; lastKnownFileType = text.plist.strings; name = ja; path = ja.lproj/Search.strings; sourceTree = "<group>"; };
		EDF345C021796D9500FD9703 /* Base */ = {isa = PBXFileReference; lastKnownFileType = file.storyboard; name = Base; path = Base.lproj/Home.storyboard; sourceTree = "<group>"; };
		EDF345C321796D9700FD9703 /* ja */ = {isa = PBXFileReference; lastKnownFileType = text.plist.strings; name = ja; path = ja.lproj/Home.strings; sourceTree = "<group>"; };
		EDF345C521796D9B00FD9703 /* Base */ = {isa = PBXFileReference; lastKnownFileType = file.storyboard; name = Base; path = Base.lproj/Favorite.storyboard; sourceTree = "<group>"; };
		EDF345C821796D9F00FD9703 /* ja */ = {isa = PBXFileReference; lastKnownFileType = text.plist.strings; name = ja; path = ja.lproj/Favorite.strings; sourceTree = "<group>"; };
		EDF345CA21796DA400FD9703 /* Base */ = {isa = PBXFileReference; lastKnownFileType = file.storyboard; name = Base; path = Base.lproj/Account.storyboard; sourceTree = "<group>"; };
		EDF345CD21796DA600FD9703 /* ja */ = {isa = PBXFileReference; lastKnownFileType = text.plist.strings; name = ja; path = ja.lproj/Account.strings; sourceTree = "<group>"; };
		EDF345CF21796DAB00FD9703 /* Base */ = {isa = PBXFileReference; lastKnownFileType = file.storyboard; name = Base; path = Base.lproj/PageDetail.storyboard; sourceTree = "<group>"; };
		EDF345D221796DAD00FD9703 /* ja */ = {isa = PBXFileReference; lastKnownFileType = text.plist.strings; name = ja; path = ja.lproj/PageDetail.strings; sourceTree = "<group>"; };
		EDF345D421796DB100FD9703 /* Base */ = {isa = PBXFileReference; lastKnownFileType = file.storyboard; name = Base; path = Base.lproj/AlbumDetail.storyboard; sourceTree = "<group>"; };
		EDF345D721796DB400FD9703 /* ja */ = {isa = PBXFileReference; lastKnownFileType = text.plist.strings; name = ja; path = ja.lproj/AlbumDetail.strings; sourceTree = "<group>"; };
		EDF345D921796DB900FD9703 /* Base */ = {isa = PBXFileReference; lastKnownFileType = file.storyboard; name = Base; path = Base.lproj/AlbumCreate.storyboard; sourceTree = "<group>"; };
		EDF345DC21796DBB00FD9703 /* ja */ = {isa = PBXFileReference; lastKnownFileType = text.plist.strings; name = ja; path = ja.lproj/AlbumCreate.strings; sourceTree = "<group>"; };
		EDF345DE21796DBF00FD9703 /* Base */ = {isa = PBXFileReference; lastKnownFileType = file.storyboard; name = Base; path = Base.lproj/Create.storyboard; sourceTree = "<group>"; };
		EDF345E121796DC100FD9703 /* ja */ = {isa = PBXFileReference; lastKnownFileType = text.plist.strings; name = ja; path = ja.lproj/Create.strings; sourceTree = "<group>"; };
		EDF345E521796FC200FD9703 /* ja */ = {isa = PBXFileReference; lastKnownFileType = text.plist.strings; name = ja; path = ja.lproj/Localizable.strings; sourceTree = "<group>"; };
		EDF345E721796FC800FD9703 /* en */ = {isa = PBXFileReference; lastKnownFileType = text.plist.strings; name = en; path = en.lproj/Localizable.strings; sourceTree = "<group>"; };
		EDF345E82179721500FD9703 /* gitignore */ = {isa = PBXFileReference; lastKnownFileType = text; path = gitignore; sourceTree = "<group>"; };
		EDFE574D20BA99E700B82FE2 /* AlbumCreateVC.swift */ = {isa = PBXFileReference; lastKnownFileType = sourcecode.swift; path = AlbumCreateVC.swift; sourceTree = "<group>"; };
		EDFE574F20BAA00300B82FE2 /* AlbumTitleCell.swift */ = {isa = PBXFileReference; lastKnownFileType = sourcecode.swift; path = AlbumTitleCell.swift; sourceTree = "<group>"; };
/* End PBXFileReference section */

/* Begin PBXFrameworksBuildPhase section */
		ED0662312104DA5C00580976 /* Frameworks */ = {
			isa = PBXFrameworksBuildPhase;
			buildActionMask = 2147483647;
			files = (
			);
			runOnlyForDeploymentPostprocessing = 0;
		};
		ED3F83BA207C75EB00250AA2 /* Frameworks */ = {
			isa = PBXFrameworksBuildPhase;
			buildActionMask = 2147483647;
			files = (
				446449BACDCFD9764FA12141 /* Pods_Amtrip.framework in Frameworks */,
			);
			runOnlyForDeploymentPostprocessing = 0;
		};
/* End PBXFrameworksBuildPhase section */

/* Begin PBXGroup section */
		4133B770FF6E1285F64FE0C3 /* Pods */ = {
			isa = PBXGroup;
			children = (
				0883F4C37C2B60D294F03773 /* Pods-TravelersNotebook.debug.xcconfig */,
				DAC759B12583B2769CC34915 /* Pods-TravelersNotebook.release.xcconfig */,
				737B95FCD1DDB1B8E2482CEB /* Pods-Amtrip.debug.xcconfig */,
				1E5685A6EFDAF23D97889397 /* Pods-Amtrip.release.xcconfig */,
			);
			name = Pods;
			sourceTree = "<group>";
		};
		AB257CFE8353C7F5C5CEAA02 /* Frameworks */ = {
			isa = PBXGroup;
			children = (
				26D7DA124C99BC7BD5482B5E /* Pods_TravelersNotebook.framework */,
				2E320A49D3E6533D917C2533 /* Pods_Amtrip.framework */,
			);
			name = Frameworks;
			sourceTree = "<group>";
		};
		ED0662352104DA5C00580976 /* AmtripTests */ = {
			isa = PBXGroup;
			children = (
				ED0662362104DA5C00580976 /* AmtripTests.swift */,
				ED0662382104DA5C00580976 /* Info.plist */,
			);
			path = AmtripTests;
			sourceTree = "<group>";
		};
		ED3F83B4207C75EB00250AA2 = {
			isa = PBXGroup;
			children = (
				EDF345E82179721500FD9703 /* gitignore */,
				EDAE1B4D2148809200CC23CD /* README.md */,
				ED3F83BF207C75EB00250AA2 /* Amtrip */,
				ED0662352104DA5C00580976 /* AmtripTests */,
				ED3F83BE207C75EB00250AA2 /* Products */,
				4133B770FF6E1285F64FE0C3 /* Pods */,
				AB257CFE8353C7F5C5CEAA02 /* Frameworks */,
			);
			sourceTree = "<group>";
		};
		ED3F83BE207C75EB00250AA2 /* Products */ = {
			isa = PBXGroup;
			children = (
				ED3F83BD207C75EB00250AA2 /* Amtrip.app */,
				ED0662342104DA5C00580976 /* AmtripTests.xctest */,
			);
			name = Products;
			sourceTree = "<group>";
		};
		ED3F83BF207C75EB00250AA2 /* Amtrip */ = {
			isa = PBXGroup;
			children = (
				ED7618AF20F9D0B90033BB6F /* Common */,
				ED7A95822082F88300801583 /* Supporting Files */,
				ED5CF8B9207E5E790017E8E0 /* Amtrip.entitlements */,
				ED3F83E4207C770600250AA2 /* Screens */,
				ED7A95852082F93A00801583 /* Cells */,
				ED3F83E1207C762800250AA2 /* Model */,
				ED3F83C0207C75EB00250AA2 /* AppDelegate.swift */,
				ED3F83CC207C75EB00250AA2 /* Info.plist */,
				ED9703EC207D32CA00734581 /* GoogleService-Info.plist */,
			);
			path = Amtrip;
			sourceTree = "<group>";
		};
		ED3F83E1207C762800250AA2 /* Model */ = {
			isa = PBXGroup;
			children = (
				ED3F83E2207C763700250AA2 /* Album.swift */,
				ED7A95802082EF8600801583 /* Page.swift */,
			);
			path = Model;
			sourceTree = "<group>";
		};
		ED3F83E4207C770600250AA2 /* Screens */ = {
			isa = PBXGroup;
			children = (
				EDCC544C2177CDD1004121BF /* Create */,
				EDCC544B2177CDC5004121BF /* AlbumCreate */,
				EDCC544A2177CDA8004121BF /* AlbumDetail */,
				EDCC54492177CD9C004121BF /* PageDetail */,
				EDCC54482177CD8C004121BF /* Account */,
				EDCC54472177CD82004121BF /* Favorite */,
				EDCC54462177CD77004121BF /* Search */,
				EDCC54432177CBE6004121BF /* Home */,
				ED3F83C4207C75EB00250AA2 /* Main.storyboard */,
			);
			path = Screens;
			sourceTree = "<group>";
		};
		ED7618AF20F9D0B90033BB6F /* Common */ = {
			isa = PBXGroup;
			children = (
				ED7618B020F9D0C70033BB6F /* Colors.swift */,
				ED7618B220F9E8AA0033BB6F /* Date+Extensions.swift */,
				EDE58072210160CB00CF5D2B /* FileManager+Extensions.swift */,
				ED02821621705A7500EAE099 /* UITextField+Extensions.swift */,
				ED02821821705AA500EAE099 /* UITextView+Extensions.swift */,
				ED02821A21705AE900EAE099 /* UINavigationItem+Extensions.swift */,
				ED02821C21705B3300EAE099 /* UItableView+Extensions.swift */,
				ED02821E21705B6800EAE099 /* UICollectionView+Extensions.swift */,
				ED02822021705B7E00EAE099 /* UISearchBar+Extensions.swift */,
			);
			path = Common;
			sourceTree = "<group>";
		};
		ED7A95822082F88300801583 /* Supporting Files */ = {
			isa = PBXGroup;
			children = (
				ED3F83C7207C75EB00250AA2 /* Assets.xcassets */,
				ED3F83C9207C75EB00250AA2 /* LaunchScreen.storyboard */,
				EDF345E621796FC200FD9703 /* Localizable.strings */,
			);
			path = "Supporting Files";
			sourceTree = "<group>";
		};
		ED7A95852082F93A00801583 /* Cells */ = {
			isa = PBXGroup;
			children = (
				ED7A95862082F94B00801583 /* ImageCell.swift */,
				EDB9F27E20B1024500D656FB /* PageCell.swift */,
				EDFE574F20BAA00300B82FE2 /* AlbumTitleCell.swift */,
				ED454F9120DC7E93009E1AC2 /* AlbumThumbnailCell.swift */,
			);
			path = Cells;
			sourceTree = "<group>";
		};
		EDCC54432177CBE6004121BF /* Home */ = {
			isa = PBXGroup;
			children = (
				ED3F83D8207C761600250AA2 /* HomeVC.swift */,
				EDF345C121796D9500FD9703 /* Home.storyboard */,
			);
			path = Home;
			sourceTree = "<group>";
		};
		EDCC54462177CD77004121BF /* Search */ = {
			isa = PBXGroup;
			children = (
				ED3F83D6207C761600250AA2 /* SearchVC.swift */,
				EDF345BC21796D8D00FD9703 /* Search.storyboard */,
			);
			path = Search;
			sourceTree = "<group>";
		};
		EDCC54472177CD82004121BF /* Favorite */ = {
			isa = PBXGroup;
			children = (
				ED3F83D7207C761600250AA2 /* FavoriteVC.swift */,
				EDF345C621796D9B00FD9703 /* Favorite.storyboard */,
			);
			path = Favorite;
			sourceTree = "<group>";
		};
		EDCC54482177CD8C004121BF /* Account */ = {
			isa = PBXGroup;
			children = (
				ED3F83D9207C761600250AA2 /* AccountVC.swift */,
				EDF345CB21796DA400FD9703 /* Account.storyboard */,
			);
			path = Account;
			sourceTree = "<group>";
		};
		EDCC54492177CD9C004121BF /* PageDetail */ = {
			isa = PBXGroup;
			children = (
				ED2B5C4720C835760070E025 /* PageDetailVC.swift */,
				EDF345D021796DAB00FD9703 /* PageDetail.storyboard */,
			);
			path = PageDetail;
			sourceTree = "<group>";
		};
		EDCC544A2177CDA8004121BF /* AlbumDetail */ = {
			isa = PBXGroup;
			children = (
				EDDD823920D1E437004773D0 /* AlbumDetailVC.swift */,
				EDF345D521796DB100FD9703 /* AlbumDetail.storyboard */,
			);
			path = AlbumDetail;
			sourceTree = "<group>";
		};
		EDCC544B2177CDC5004121BF /* AlbumCreate */ = {
			isa = PBXGroup;
			children = (
				EDFE574D20BA99E700B82FE2 /* AlbumCreateVC.swift */,
				EDF345DA21796DB900FD9703 /* AlbumCreate.storyboard */,
			);
			path = AlbumCreate;
			sourceTree = "<group>";
		};
		EDCC544C2177CDD1004121BF /* Create */ = {
			isa = PBXGroup;
			children = (
				ED3F83D4207C761600250AA2 /* CreateVC.swift */,
				EDF345DF21796DBF00FD9703 /* Create.storyboard */,
			);
			path = Create;
			sourceTree = "<group>";
		};
/* End PBXGroup section */

/* Begin PBXNativeTarget section */
		ED0662332104DA5C00580976 /* AmtripTests */ = {
			isa = PBXNativeTarget;
			buildConfigurationList = ED06623D2104DA5C00580976 /* Build configuration list for PBXNativeTarget "AmtripTests" */;
			buildPhases = (
				ED0662302104DA5C00580976 /* Sources */,
				ED0662312104DA5C00580976 /* Frameworks */,
				ED0662322104DA5C00580976 /* Resources */,
			);
			buildRules = (
			);
			dependencies = (
				ED06623A2104DA5C00580976 /* PBXTargetDependency */,
			);
			name = AmtripTests;
			productName = AmtripTests;
			productReference = ED0662342104DA5C00580976 /* AmtripTests.xctest */;
			productType = "com.apple.product-type.bundle.unit-test";
		};
		ED3F83BC207C75EB00250AA2 /* Amtrip */ = {
			isa = PBXNativeTarget;
			buildConfigurationList = ED3F83CF207C75EB00250AA2 /* Build configuration list for PBXNativeTarget "Amtrip" */;
			buildPhases = (
				F2C81925D601C74724ECF3E1 /* [CP] Check Pods Manifest.lock */,
				ED3F83B9207C75EB00250AA2 /* Sources */,
				ED3F83BA207C75EB00250AA2 /* Frameworks */,
				ED3F83BB207C75EB00250AA2 /* Resources */,
				5F3C6CD5BE054FF0F64D6530 /* [CP] Copy Pods Resources */,
				EA77B7E5D6F2AAB439F6A3FA /* [CP] Embed Pods Frameworks */,
			);
			buildRules = (
			);
			dependencies = (
			);
			name = Amtrip;
			productName = Amtrip;
			productReference = ED3F83BD207C75EB00250AA2 /* Amtrip.app */;
			productType = "com.apple.product-type.application";
		};
/* End PBXNativeTarget section */

/* Begin PBXProject section */
		ED3F83B5207C75EB00250AA2 /* Project object */ = {
			isa = PBXProject;
			attributes = {
				LastSwiftUpdateCheck = 0940;
				LastUpgradeCheck = 0930;
				ORGANIZATIONNAME = "Kenta Kodashima";
				TargetAttributes = {
					ED0662332104DA5C00580976 = {
						CreatedOnToolsVersion = 9.4.1;
						TestTargetID = ED3F83BC207C75EB00250AA2;
					};
					ED3F83BC207C75EB00250AA2 = {
						CreatedOnToolsVersion = 9.3;
						SystemCapabilities = {
							com.apple.Keychain = {
								enabled = 1;
							};
						};
					};
				};
			};
			buildConfigurationList = ED3F83B8207C75EB00250AA2 /* Build configuration list for PBXProject "Amtrip" */;
			compatibilityVersion = "Xcode 9.3";
			developmentRegion = en;
			hasScannedForEncodings = 0;
			knownRegions = (
				en,
				Base,
				ja,
			);
			mainGroup = ED3F83B4207C75EB00250AA2;
			productRefGroup = ED3F83BE207C75EB00250AA2 /* Products */;
			projectDirPath = "";
			projectRoot = "";
			targets = (
				ED3F83BC207C75EB00250AA2 /* Amtrip */,
				ED0662332104DA5C00580976 /* AmtripTests */,
			);
		};
/* End PBXProject section */

/* Begin PBXResourcesBuildPhase section */
		ED0662322104DA5C00580976 /* Resources */ = {
			isa = PBXResourcesBuildPhase;
			buildActionMask = 2147483647;
			files = (
			);
			runOnlyForDeploymentPostprocessing = 0;
		};
		ED3F83BB207C75EB00250AA2 /* Resources */ = {
			isa = PBXResourcesBuildPhase;
			buildActionMask = 2147483647;
			files = (
				EDF345D321796DB100FD9703 /* AlbumDetail.storyboard in Resources */,
				EDF345E92179721500FD9703 /* gitignore in Resources */,
				EDF345C921796DA400FD9703 /* Account.storyboard in Resources */,
				ED3F83CB207C75EB00250AA2 /* LaunchScreen.storyboard in Resources */,
				EDF345C421796D9B00FD9703 /* Favorite.storyboard in Resources */,
				ED9703ED207D32CA00734581 /* GoogleService-Info.plist in Resources */,
				EDF345BF21796D9500FD9703 /* Home.storyboard in Resources */,
				EDF345D821796DB900FD9703 /* AlbumCreate.storyboard in Resources */,
				ED3F83C8207C75EB00250AA2 /* Assets.xcassets in Resources */,
				ED3F83C6207C75EB00250AA2 /* Main.storyboard in Resources */,
				EDF345E421796FC200FD9703 /* Localizable.strings in Resources */,
				EDF345DD21796DBF00FD9703 /* Create.storyboard in Resources */,
				EDF345BA21796D8D00FD9703 /* Search.storyboard in Resources */,
				EDF345CE21796DAB00FD9703 /* PageDetail.storyboard in Resources */,
			);
			runOnlyForDeploymentPostprocessing = 0;
		};
/* End PBXResourcesBuildPhase section */

/* Begin PBXShellScriptBuildPhase section */
		5F3C6CD5BE054FF0F64D6530 /* [CP] Copy Pods Resources */ = {
			isa = PBXShellScriptBuildPhase;
			buildActionMask = 2147483647;
			files = (
			);
			inputPaths = (
				"${SRCROOT}/Pods/Target Support Files/Pods-Amtrip/Pods-Amtrip-resources.sh",
				"${PODS_ROOT}/GooglePlaces/Frameworks/GooglePlaces.framework/Resources/GooglePlaces.bundle",
			);
			name = "[CP] Copy Pods Resources";
			outputPaths = (
				"${TARGET_BUILD_DIR}/${UNLOCALIZED_RESOURCES_FOLDER_PATH}/GooglePlaces.bundle",
			);
			runOnlyForDeploymentPostprocessing = 0;
			shellPath = /bin/sh;
			shellScript = "\"${SRCROOT}/Pods/Target Support Files/Pods-Amtrip/Pods-Amtrip-resources.sh\"\n";
			showEnvVarsInLog = 0;
		};
		EA77B7E5D6F2AAB439F6A3FA /* [CP] Embed Pods Frameworks */ = {
			isa = PBXShellScriptBuildPhase;
			buildActionMask = 2147483647;
			files = (
			);
			inputPaths = (
				"${SRCROOT}/Pods/Target Support Files/Pods-Amtrip/Pods-Amtrip-frameworks.sh",
				"${BUILT_PRODUCTS_DIR}/Realm/Realm.framework",
				"${BUILT_PRODUCTS_DIR}/RealmSwift/RealmSwift.framework",
			);
			name = "[CP] Embed Pods Frameworks";
			outputPaths = (
				"${TARGET_BUILD_DIR}/${FRAMEWORKS_FOLDER_PATH}/Realm.framework",
				"${TARGET_BUILD_DIR}/${FRAMEWORKS_FOLDER_PATH}/RealmSwift.framework",
			);
			runOnlyForDeploymentPostprocessing = 0;
			shellPath = /bin/sh;
			shellScript = "\"${SRCROOT}/Pods/Target Support Files/Pods-Amtrip/Pods-Amtrip-frameworks.sh\"\n";
			showEnvVarsInLog = 0;
		};
		F2C81925D601C74724ECF3E1 /* [CP] Check Pods Manifest.lock */ = {
			isa = PBXShellScriptBuildPhase;
			buildActionMask = 2147483647;
			files = (
			);
			inputPaths = (
				"${PODS_PODFILE_DIR_PATH}/Podfile.lock",
				"${PODS_ROOT}/Manifest.lock",
			);
			name = "[CP] Check Pods Manifest.lock";
			outputPaths = (
				"$(DERIVED_FILE_DIR)/Pods-Amtrip-checkManifestLockResult.txt",
			);
			runOnlyForDeploymentPostprocessing = 0;
			shellPath = /bin/sh;
			shellScript = "diff \"${PODS_PODFILE_DIR_PATH}/Podfile.lock\" \"${PODS_ROOT}/Manifest.lock\" > /dev/null\nif [ $? != 0 ] ; then\n    # print error to STDERR\n    echo \"error: The sandbox is not in sync with the Podfile.lock. Run 'pod install' or update your CocoaPods installation.\" >&2\n    exit 1\nfi\n# This output is used by Xcode 'outputs' to avoid re-running this script phase.\necho \"SUCCESS\" > \"${SCRIPT_OUTPUT_FILE_0}\"\n";
			showEnvVarsInLog = 0;
		};
/* End PBXShellScriptBuildPhase section */

/* Begin PBXSourcesBuildPhase section */
		ED0662302104DA5C00580976 /* Sources */ = {
			isa = PBXSourcesBuildPhase;
			buildActionMask = 2147483647;
			files = (
				ED0662372104DA5C00580976 /* AmtripTests.swift in Sources */,
			);
			runOnlyForDeploymentPostprocessing = 0;
		};
		ED3F83B9207C75EB00250AA2 /* Sources */ = {
			isa = PBXSourcesBuildPhase;
			buildActionMask = 2147483647;
			files = (
				ED02821B21705AE900EAE099 /* UINavigationItem+Extensions.swift in Sources */,
				ED3F83DD207C761600250AA2 /* SearchVC.swift in Sources */,
				ED3F83DF207C761600250AA2 /* HomeVC.swift in Sources */,
				ED454F9220DC7E93009E1AC2 /* AlbumThumbnailCell.swift in Sources */,
				ED7618B120F9D0C70033BB6F /* Colors.swift in Sources */,
				EDFE575020BAA00300B82FE2 /* AlbumTitleCell.swift in Sources */,
				ED2B5C4820C835760070E025 /* PageDetailVC.swift in Sources */,
				ED3F83C1207C75EB00250AA2 /* AppDelegate.swift in Sources */,
				ED3F83DB207C761600250AA2 /* CreateVC.swift in Sources */,
				ED02821D21705B3300EAE099 /* UItableView+Extensions.swift in Sources */,
				ED7A95872082F94B00801583 /* ImageCell.swift in Sources */,
				ED02821F21705B6800EAE099 /* UICollectionView+Extensions.swift in Sources */,
				ED02821721705A7500EAE099 /* UITextField+Extensions.swift in Sources */,
				ED02822121705B7E00EAE099 /* UISearchBar+Extensions.swift in Sources */,
				ED7A95812082EF8600801583 /* Page.swift in Sources */,
				ED02821921705AA500EAE099 /* UITextView+Extensions.swift in Sources */,
				EDFE574E20BA99E700B82FE2 /* AlbumCreateVC.swift in Sources */,
				EDB9F27F20B1024500D656FB /* PageCell.swift in Sources */,
				EDDD823A20D1E437004773D0 /* AlbumDetailVC.swift in Sources */,
				ED3F83DE207C761600250AA2 /* FavoriteVC.swift in Sources */,
				ED3F83E0207C761600250AA2 /* AccountVC.swift in Sources */,
				ED7618B320F9E8AA0033BB6F /* Date+Extensions.swift in Sources */,
				ED3F83E3207C763700250AA2 /* Album.swift in Sources */,
				EDE58073210160CB00CF5D2B /* FileManager+Extensions.swift in Sources */,
			);
			runOnlyForDeploymentPostprocessing = 0;
		};
/* End PBXSourcesBuildPhase section */

/* Begin PBXTargetDependency section */
		ED06623A2104DA5C00580976 /* PBXTargetDependency */ = {
			isa = PBXTargetDependency;
			target = ED3F83BC207C75EB00250AA2 /* Amtrip */;
			targetProxy = ED0662392104DA5C00580976 /* PBXContainerItemProxy */;
		};
/* End PBXTargetDependency section */

/* Begin PBXVariantGroup section */
		ED3F83C4207C75EB00250AA2 /* Main.storyboard */ = {
			isa = PBXVariantGroup;
			children = (
				ED3F83C5207C75EB00250AA2 /* Base */,
				ED858C9F210116A600814CCE /* ja */,
			);
			name = Main.storyboard;
			sourceTree = "<group>";
		};
		ED3F83C9207C75EB00250AA2 /* LaunchScreen.storyboard */ = {
			isa = PBXVariantGroup;
			children = (
				ED3F83CA207C75EB00250AA2 /* Base */,
				ED858CA0210116A700814CCE /* ja */,
			);
			name = LaunchScreen.storyboard;
			sourceTree = "<group>";
		};
		EDF345BC21796D8D00FD9703 /* Search.storyboard */ = {
			isa = PBXVariantGroup;
			children = (
				EDF345BB21796D8D00FD9703 /* Base */,
				EDF345BE21796D9100FD9703 /* ja */,
			);
			name = Search.storyboard;
			sourceTree = "<group>";
		};
		EDF345C121796D9500FD9703 /* Home.storyboard */ = {
			isa = PBXVariantGroup;
			children = (
				EDF345C021796D9500FD9703 /* Base */,
				EDF345C321796D9700FD9703 /* ja */,
			);
			name = Home.storyboard;
			sourceTree = "<group>";
		};
		EDF345C621796D9B00FD9703 /* Favorite.storyboard */ = {
			isa = PBXVariantGroup;
			children = (
				EDF345C521796D9B00FD9703 /* Base */,
				EDF345C821796D9F00FD9703 /* ja */,
			);
			name = Favorite.storyboard;
			sourceTree = "<group>";
		};
		EDF345CB21796DA400FD9703 /* Account.storyboard */ = {
			isa = PBXVariantGroup;
			children = (
				EDF345CA21796DA400FD9703 /* Base */,
				EDF345CD21796DA600FD9703 /* ja */,
			);
			name = Account.storyboard;
			sourceTree = "<group>";
		};
		EDF345D021796DAB00FD9703 /* PageDetail.storyboard */ = {
			isa = PBXVariantGroup;
			children = (
				EDF345CF21796DAB00FD9703 /* Base */,
				EDF345D221796DAD00FD9703 /* ja */,
			);
			name = PageDetail.storyboard;
			sourceTree = "<group>";
		};
		EDF345D521796DB100FD9703 /* AlbumDetail.storyboard */ = {
			isa = PBXVariantGroup;
			children = (
				EDF345D421796DB100FD9703 /* Base */,
				EDF345D721796DB400FD9703 /* ja */,
			);
			name = AlbumDetail.storyboard;
			sourceTree = "<group>";
		};
		EDF345DA21796DB900FD9703 /* AlbumCreate.storyboard */ = {
			isa = PBXVariantGroup;
			children = (
				EDF345D921796DB900FD9703 /* Base */,
				EDF345DC21796DBB00FD9703 /* ja */,
			);
			name = AlbumCreate.storyboard;
			sourceTree = "<group>";
		};
		EDF345DF21796DBF00FD9703 /* Create.storyboard */ = {
			isa = PBXVariantGroup;
			children = (
				EDF345DE21796DBF00FD9703 /* Base */,
				EDF345E121796DC100FD9703 /* ja */,
			);
			name = Create.storyboard;
			sourceTree = "<group>";
		};
		EDF345E621796FC200FD9703 /* Localizable.strings */ = {
			isa = PBXVariantGroup;
			children = (
				EDF345E521796FC200FD9703 /* ja */,
				EDF345E721796FC800FD9703 /* en */,
			);
			name = Localizable.strings;
			sourceTree = "<group>";
		};
/* End PBXVariantGroup section */

/* Begin XCBuildConfiguration section */
		ED06623B2104DA5C00580976 /* Debug */ = {
			isa = XCBuildConfiguration;
			buildSettings = {
				BUNDLE_LOADER = "$(TEST_HOST)";
				CODE_SIGN_STYLE = Automatic;
				DEVELOPMENT_TEAM = V4XVL227B6;
				INFOPLIST_FILE = AmtripTests/Info.plist;
				IPHONEOS_DEPLOYMENT_TARGET = 11.4;
				LD_RUNPATH_SEARCH_PATHS = (
					"$(inherited)",
					"@executable_path/Frameworks",
					"@loader_path/Frameworks",
				);
				PRODUCT_BUNDLE_IDENTIFIER = com.kentakodashima.AmtripTests;
				PRODUCT_NAME = "$(TARGET_NAME)";
				SWIFT_VERSION = 4.0;
				TARGETED_DEVICE_FAMILY = "1,2";
				TEST_HOST = "$(BUILT_PRODUCTS_DIR)/Amtrip.app/Amtrip";
			};
			name = Debug;
		};
		ED06623C2104DA5C00580976 /* Release */ = {
			isa = XCBuildConfiguration;
			buildSettings = {
				BUNDLE_LOADER = "$(TEST_HOST)";
				CODE_SIGN_STYLE = Automatic;
				DEVELOPMENT_TEAM = V4XVL227B6;
				INFOPLIST_FILE = AmtripTests/Info.plist;
				IPHONEOS_DEPLOYMENT_TARGET = 11.4;
				LD_RUNPATH_SEARCH_PATHS = (
					"$(inherited)",
					"@executable_path/Frameworks",
					"@loader_path/Frameworks",
				);
				PRODUCT_BUNDLE_IDENTIFIER = com.kentakodashima.AmtripTests;
				PRODUCT_NAME = "$(TARGET_NAME)";
				SWIFT_VERSION = 4.0;
				TARGETED_DEVICE_FAMILY = "1,2";
				TEST_HOST = "$(BUILT_PRODUCTS_DIR)/Amtrip.app/Amtrip";
			};
			name = Release;
		};
		ED3F83CD207C75EB00250AA2 /* Debug */ = {
			isa = XCBuildConfiguration;
			buildSettings = {
				ALWAYS_SEARCH_USER_PATHS = NO;
				CLANG_ANALYZER_LOCALIZABILITY_NONLOCALIZED = YES;
				CLANG_ANALYZER_NONNULL = YES;
				CLANG_ANALYZER_NUMBER_OBJECT_CONVERSION = YES_AGGRESSIVE;
				CLANG_CXX_LANGUAGE_STANDARD = "gnu++14";
				CLANG_CXX_LIBRARY = "libc++";
				CLANG_ENABLE_MODULES = YES;
				CLANG_ENABLE_OBJC_ARC = YES;
				CLANG_ENABLE_OBJC_WEAK = YES;
				CLANG_WARN_BLOCK_CAPTURE_AUTORELEASING = YES;
				CLANG_WARN_BOOL_CONVERSION = YES;
				CLANG_WARN_COMMA = YES;
				CLANG_WARN_CONSTANT_CONVERSION = YES;
				CLANG_WARN_DEPRECATED_OBJC_IMPLEMENTATIONS = YES;
				CLANG_WARN_DIRECT_OBJC_ISA_USAGE = YES_ERROR;
				CLANG_WARN_DOCUMENTATION_COMMENTS = YES;
				CLANG_WARN_EMPTY_BODY = YES;
				CLANG_WARN_ENUM_CONVERSION = YES;
				CLANG_WARN_INFINITE_RECURSION = YES;
				CLANG_WARN_INT_CONVERSION = YES;
				CLANG_WARN_NON_LITERAL_NULL_CONVERSION = YES;
				CLANG_WARN_OBJC_IMPLICIT_RETAIN_SELF = YES;
				CLANG_WARN_OBJC_LITERAL_CONVERSION = YES;
				CLANG_WARN_OBJC_ROOT_CLASS = YES_ERROR;
				CLANG_WARN_RANGE_LOOP_ANALYSIS = YES;
				CLANG_WARN_STRICT_PROTOTYPES = YES;
				CLANG_WARN_SUSPICIOUS_MOVE = YES;
				CLANG_WARN_UNGUARDED_AVAILABILITY = YES_AGGRESSIVE;
				CLANG_WARN_UNREACHABLE_CODE = YES;
				CLANG_WARN__DUPLICATE_METHOD_MATCH = YES;
				CODE_SIGN_IDENTITY = "iPhone Developer";
				COPY_PHASE_STRIP = NO;
				DEBUG_INFORMATION_FORMAT = dwarf;
				ENABLE_STRICT_OBJC_MSGSEND = YES;
				ENABLE_TESTABILITY = YES;
				GCC_C_LANGUAGE_STANDARD = gnu11;
				GCC_DYNAMIC_NO_PIC = NO;
				GCC_NO_COMMON_BLOCKS = YES;
				GCC_OPTIMIZATION_LEVEL = 0;
				GCC_PREPROCESSOR_DEFINITIONS = (
					"DEBUG=1",
					"$(inherited)",
				);
				GCC_WARN_64_TO_32_BIT_CONVERSION = YES;
				GCC_WARN_ABOUT_RETURN_TYPE = YES_ERROR;
				GCC_WARN_UNDECLARED_SELECTOR = YES;
				GCC_WARN_UNINITIALIZED_AUTOS = YES_AGGRESSIVE;
				GCC_WARN_UNUSED_FUNCTION = YES;
				GCC_WARN_UNUSED_VARIABLE = YES;
				IPHONEOS_DEPLOYMENT_TARGET = 11.3;
				MTL_ENABLE_DEBUG_INFO = YES;
				ONLY_ACTIVE_ARCH = YES;
				SDKROOT = iphoneos;
				SWIFT_ACTIVE_COMPILATION_CONDITIONS = DEBUG;
				SWIFT_OPTIMIZATION_LEVEL = "-Onone";
			};
			name = Debug;
		};
		ED3F83CE207C75EB00250AA2 /* Release */ = {
			isa = XCBuildConfiguration;
			buildSettings = {
				ALWAYS_SEARCH_USER_PATHS = NO;
				CLANG_ANALYZER_LOCALIZABILITY_NONLOCALIZED = YES;
				CLANG_ANALYZER_NONNULL = YES;
				CLANG_ANALYZER_NUMBER_OBJECT_CONVERSION = YES_AGGRESSIVE;
				CLANG_CXX_LANGUAGE_STANDARD = "gnu++14";
				CLANG_CXX_LIBRARY = "libc++";
				CLANG_ENABLE_MODULES = YES;
				CLANG_ENABLE_OBJC_ARC = YES;
				CLANG_ENABLE_OBJC_WEAK = YES;
				CLANG_WARN_BLOCK_CAPTURE_AUTORELEASING = YES;
				CLANG_WARN_BOOL_CONVERSION = YES;
				CLANG_WARN_COMMA = YES;
				CLANG_WARN_CONSTANT_CONVERSION = YES;
				CLANG_WARN_DEPRECATED_OBJC_IMPLEMENTATIONS = YES;
				CLANG_WARN_DIRECT_OBJC_ISA_USAGE = YES_ERROR;
				CLANG_WARN_DOCUMENTATION_COMMENTS = YES;
				CLANG_WARN_EMPTY_BODY = YES;
				CLANG_WARN_ENUM_CONVERSION = YES;
				CLANG_WARN_INFINITE_RECURSION = YES;
				CLANG_WARN_INT_CONVERSION = YES;
				CLANG_WARN_NON_LITERAL_NULL_CONVERSION = YES;
				CLANG_WARN_OBJC_IMPLICIT_RETAIN_SELF = YES;
				CLANG_WARN_OBJC_LITERAL_CONVERSION = YES;
				CLANG_WARN_OBJC_ROOT_CLASS = YES_ERROR;
				CLANG_WARN_RANGE_LOOP_ANALYSIS = YES;
				CLANG_WARN_STRICT_PROTOTYPES = YES;
				CLANG_WARN_SUSPICIOUS_MOVE = YES;
				CLANG_WARN_UNGUARDED_AVAILABILITY = YES_AGGRESSIVE;
				CLANG_WARN_UNREACHABLE_CODE = YES;
				CLANG_WARN__DUPLICATE_METHOD_MATCH = YES;
				CODE_SIGN_IDENTITY = "iPhone Developer";
				COPY_PHASE_STRIP = NO;
				DEBUG_INFORMATION_FORMAT = "dwarf-with-dsym";
				ENABLE_NS_ASSERTIONS = NO;
				ENABLE_STRICT_OBJC_MSGSEND = YES;
				GCC_C_LANGUAGE_STANDARD = gnu11;
				GCC_NO_COMMON_BLOCKS = YES;
				GCC_WARN_64_TO_32_BIT_CONVERSION = YES;
				GCC_WARN_ABOUT_RETURN_TYPE = YES_ERROR;
				GCC_WARN_UNDECLARED_SELECTOR = YES;
				GCC_WARN_UNINITIALIZED_AUTOS = YES_AGGRESSIVE;
				GCC_WARN_UNUSED_FUNCTION = YES;
				GCC_WARN_UNUSED_VARIABLE = YES;
				IPHONEOS_DEPLOYMENT_TARGET = 11.3;
				MTL_ENABLE_DEBUG_INFO = NO;
				SDKROOT = iphoneos;
				SWIFT_COMPILATION_MODE = wholemodule;
				SWIFT_OPTIMIZATION_LEVEL = "-O";
				VALIDATE_PRODUCT = YES;
			};
			name = Release;
		};
		ED3F83D0207C75EB00250AA2 /* Debug */ = {
			isa = XCBuildConfiguration;
			baseConfigurationReference = 737B95FCD1DDB1B8E2482CEB /* Pods-Amtrip.debug.xcconfig */;
			buildSettings = {
				ASSETCATALOG_COMPILER_APPICON_NAME = AppIcon;
				CODE_SIGN_ENTITLEMENTS = Amtrip/Amtrip.entitlements;
				CODE_SIGN_STYLE = Automatic;
				DEVELOPMENT_TEAM = V4XVL227B6;
				INFOPLIST_FILE = Amtrip/Info.plist;
				LD_RUNPATH_SEARCH_PATHS = (
					"$(inherited)",
					"@executable_path/Frameworks",
				);
				PRODUCT_BUNDLE_IDENTIFIER = com.kentakodashima.Amtrip;
				PRODUCT_NAME = "$(TARGET_NAME)";
				SWIFT_VERSION = 4.0;
				TARGETED_DEVICE_FAMILY = "1,2";
			};
			name = Debug;
		};
		ED3F83D1207C75EB00250AA2 /* Release */ = {
			isa = XCBuildConfiguration;
			baseConfigurationReference = 1E5685A6EFDAF23D97889397 /* Pods-Amtrip.release.xcconfig */;
			buildSettings = {
				ASSETCATALOG_COMPILER_APPICON_NAME = AppIcon;
				CODE_SIGN_ENTITLEMENTS = Amtrip/Amtrip.entitlements;
				CODE_SIGN_STYLE = Automatic;
				DEVELOPMENT_TEAM = V4XVL227B6;
				INFOPLIST_FILE = Amtrip/Info.plist;
				LD_RUNPATH_SEARCH_PATHS = (
					"$(inherited)",
					"@executable_path/Frameworks",
				);
				PRODUCT_BUNDLE_IDENTIFIER = com.kentakodashima.Amtrip;
				PRODUCT_NAME = "$(TARGET_NAME)";
				SWIFT_VERSION = 4.0;
				TARGETED_DEVICE_FAMILY = "1,2";
			};
			name = Release;
		};
/* End XCBuildConfiguration section */

/* Begin XCConfigurationList section */
		ED06623D2104DA5C00580976 /* Build configuration list for PBXNativeTarget "AmtripTests" */ = {
			isa = XCConfigurationList;
			buildConfigurations = (
				ED06623B2104DA5C00580976 /* Debug */,
				ED06623C2104DA5C00580976 /* Release */,
			);
			defaultConfigurationIsVisible = 0;
			defaultConfigurationName = Release;
		};
		ED3F83B8207C75EB00250AA2 /* Build configuration list for PBXProject "Amtrip" */ = {
			isa = XCConfigurationList;
			buildConfigurations = (
				ED3F83CD207C75EB00250AA2 /* Debug */,
				ED3F83CE207C75EB00250AA2 /* Release */,
			);
			defaultConfigurationIsVisible = 0;
			defaultConfigurationName = Release;
		};
		ED3F83CF207C75EB00250AA2 /* Build configuration list for PBXNativeTarget "Amtrip" */ = {
			isa = XCConfigurationList;
			buildConfigurations = (
				ED3F83D0207C75EB00250AA2 /* Debug */,
				ED3F83D1207C75EB00250AA2 /* Release */,
			);
			defaultConfigurationIsVisible = 0;
			defaultConfigurationName = Release;
		};
/* End XCConfigurationList section */
	};
	rootObject = ED3F83B5207C75EB00250AA2 /* Project object */;
}
